// !$*UTF8*$!
{
	archiveVersion = 1;
	classes = {
	};
	objectVersion = 48;
	objects = {

/* Begin PBXBuildFile section */
		1811CED71FD5A5BB001FF879 /* AppDelegate.swift in Sources */ = {isa = PBXBuildFile; fileRef = 1811CED61FD5A5BB001FF879 /* AppDelegate.swift */; };
		1811CED91FD5A5BB001FF879 /* ViewController.swift in Sources */ = {isa = PBXBuildFile; fileRef = 1811CED81FD5A5BB001FF879 /* ViewController.swift */; };
		1811CEDC1FD5A5BB001FF879 /* Main.storyboard in Resources */ = {isa = PBXBuildFile; fileRef = 1811CEDA1FD5A5BB001FF879 /* Main.storyboard */; };
		1811CEDE1FD5A5BB001FF879 /* Assets.xcassets in Resources */ = {isa = PBXBuildFile; fileRef = 1811CEDD1FD5A5BB001FF879 /* Assets.xcassets */; };
		1811CEE11FD5A5BB001FF879 /* LaunchScreen.storyboard in Resources */ = {isa = PBXBuildFile; fileRef = 1811CEDF1FD5A5BB001FF879 /* LaunchScreen.storyboard */; };
		1811CEEC1FD5A5BB001FF879 /* NextTests.swift in Sources */ = {isa = PBXBuildFile; fileRef = 1811CEEB1FD5A5BB001FF879 /* NextTests.swift */; };
/* End PBXBuildFile section */

/* Begin PBXContainerItemProxy section */
		1811CEE81FD5A5BB001FF879 /* PBXContainerItemProxy */ = {
			isa = PBXContainerItemProxy;
			containerPortal = 1811CECB1FD5A5BB001FF879 /* Project object */;
			proxyType = 1;
			remoteGlobalIDString = 1811CED21FD5A5BB001FF879;
			remoteInfo = Next;
		};
/* End PBXContainerItemProxy section */

/* Begin PBXFileReference section */
		1811CED31FD5A5BB001FF879 /* Next.app */ = {isa = PBXFileReference; explicitFileType = wrapper.application; includeInIndex = 0; path = Next.app; sourceTree = BUILT_PRODUCTS_DIR; };
		1811CED61FD5A5BB001FF879 /* AppDelegate.swift */ = {isa = PBXFileReference; lastKnownFileType = sourcecode.swift; path = AppDelegate.swift; sourceTree = "<group>"; };
		1811CED81FD5A5BB001FF879 /* ViewController.swift */ = {isa = PBXFileReference; lastKnownFileType = sourcecode.swift; path = ViewController.swift; sourceTree = "<group>"; };
		1811CEDB1FD5A5BB001FF879 /* Base */ = {isa = PBXFileReference; lastKnownFileType = file.storyboard; name = Base; path = Base.lproj/Main.storyboard; sourceTree = "<group>"; };
		1811CEDD1FD5A5BB001FF879 /* Assets.xcassets */ = {isa = PBXFileReference; lastKnownFileType = folder.assetcatalog; path = Assets.xcassets; sourceTree = "<group>"; };
		1811CEE01FD5A5BB001FF879 /* Base */ = {isa = PBXFileReference; lastKnownFileType = file.storyboard; name = Base; path = Base.lproj/LaunchScreen.storyboard; sourceTree = "<group>"; };
		1811CEE21FD5A5BB001FF879 /* Info.plist */ = {isa = PBXFileReference; lastKnownFileType = text.plist.xml; path = Info.plist; sourceTree = "<group>"; };
		1811CEE71FD5A5BB001FF879 /* NextTests.xctest */ = {isa = PBXFileReference; explicitFileType = wrapper.cfbundle; includeInIndex = 0; path = NextTests.xctest; sourceTree = BUILT_PRODUCTS_DIR; };
		1811CEEB1FD5A5BB001FF879 /* NextTests.swift */ = {isa = PBXFileReference; lastKnownFileType = sourcecode.swift; path = NextTests.swift; sourceTree = "<group>"; };
		1811CEED1FD5A5BC001FF879 /* Info.plist */ = {isa = PBXFileReference; lastKnownFileType = text.plist.xml; path = Info.plist; sourceTree = "<group>"; };
/* End PBXFileReference section */

/* Begin PBXFrameworksBuildPhase section */
		1811CED01FD5A5BB001FF879 /* Frameworks */ = {
			isa = PBXFrameworksBuildPhase;
			buildActionMask = 2147483647;
			files = (
			);
			runOnlyForDeploymentPostprocessing = 0;
		};
		1811CEE41FD5A5BB001FF879 /* Frameworks */ = {
			isa = PBXFrameworksBuildPhase;
			buildActionMask = 2147483647;
			files = (
			);
			runOnlyForDeploymentPostprocessing = 0;
		};
/* End PBXFrameworksBuildPhase section */

/* Begin PBXGroup section */
		1811CECA1FD5A5BB001FF879 = {
			isa = PBXGroup;
			children = (
				1811CED51FD5A5BB001FF879 /* Next */,
				1811CEEA1FD5A5BB001FF879 /* NextTests */,
				1811CED41FD5A5BB001FF879 /* Products */,
			);
			sourceTree = "<group>";
		};
		1811CED41FD5A5BB001FF879 /* Products */ = {
			isa = PBXGroup;
			children = (
				1811CED31FD5A5BB001FF879 /* Next.app */,
				1811CEE71FD5A5BB001FF879 /* NextTests.xctest */,
			);
			name = Products;
			sourceTree = "<group>";
		};
		1811CED51FD5A5BB001FF879 /* Next */ = {
			isa = PBXGroup;
			children = (
				1811CED61FD5A5BB001FF879 /* AppDelegate.swift */,
				1811CED81FD5A5BB001FF879 /* ViewController.swift */,
				1811CEDA1FD5A5BB001FF879 /* Main.storyboard */,
				1811CEDD1FD5A5BB001FF879 /* Assets.xcassets */,
				1811CEDF1FD5A5BB001FF879 /* LaunchScreen.storyboard */,
				1811CEE21FD5A5BB001FF879 /* Info.plist */,
			);
			path = Next;
			sourceTree = "<group>";
		};
		1811CEEA1FD5A5BB001FF879 /* NextTests */ = {
			isa = PBXGroup;
			children = (
				1811CEEB1FD5A5BB001FF879 /* NextTests.swift */,
				1811CEED1FD5A5BC001FF879 /* Info.plist */,
			);
			path = NextTests;
			sourceTree = "<group>";
		};
/* End PBXGroup section */

/* Begin PBXNativeTarget section */
		1811CED21FD5A5BB001FF879 /* Next */ = {
			isa = PBXNativeTarget;
			buildConfigurationList = 1811CEF01FD5A5BC001FF879 /* Build configuration list for PBXNativeTarget "Next" */;
			buildPhases = (
				1811CECF1FD5A5BB001FF879 /* Sources */,
				1811CED01FD5A5BB001FF879 /* Frameworks */,
				1811CED11FD5A5BB001FF879 /* Resources */,
			);
			buildRules = (
			);
			dependencies = (
			);
			name = Next;
			productName = Next;
			productReference = 1811CED31FD5A5BB001FF879 /* Next.app */;
			productType = "com.apple.product-type.application";
		};
		1811CEE61FD5A5BB001FF879 /* NextTests */ = {
			isa = PBXNativeTarget;
			buildConfigurationList = 1811CEF31FD5A5BC001FF879 /* Build configuration list for PBXNativeTarget "NextTests" */;
			buildPhases = (
				1811CEE31FD5A5BB001FF879 /* Sources */,
				1811CEE41FD5A5BB001FF879 /* Frameworks */,
				1811CEE51FD5A5BB001FF879 /* Resources */,
			);
			buildRules = (
			);
			dependencies = (
				1811CEE91FD5A5BB001FF879 /* PBXTargetDependency */,
			);
			name = NextTests;
			productName = NextTests;
			productReference = 1811CEE71FD5A5BB001FF879 /* NextTests.xctest */;
			productType = "com.apple.product-type.bundle.unit-test";
		};
/* End PBXNativeTarget section */

/* Begin PBXProject section */
		1811CECB1FD5A5BB001FF879 /* Project object */ = {
			isa = PBXProject;
			attributes = {
				LastSwiftUpdateCheck = 0910;
				LastUpgradeCheck = 0910;
				ORGANIZATIONNAME = "Guilherme Souza";
				TargetAttributes = {
					1811CED21FD5A5BB001FF879 = {
						CreatedOnToolsVersion = 9.1;
						ProvisioningStyle = Automatic;
					};
					1811CEE61FD5A5BB001FF879 = {
						CreatedOnToolsVersion = 9.1;
						ProvisioningStyle = Automatic;
						TestTargetID = 1811CED21FD5A5BB001FF879;
					};
				};
			};
			buildConfigurationList = 1811CECE1FD5A5BB001FF879 /* Build configuration list for PBXProject "Next" */;
			compatibilityVersion = "Xcode 8.0";
			developmentRegion = en;
			hasScannedForEncodings = 0;
			knownRegions = (
				en,
				Base,
			);
			mainGroup = 1811CECA1FD5A5BB001FF879;
			productRefGroup = 1811CED41FD5A5BB001FF879 /* Products */;
			projectDirPath = "";
			projectRoot = "";
			targets = (
				1811CED21FD5A5BB001FF879 /* Next */,
				1811CEE61FD5A5BB001FF879 /* NextTests */,
			);
		};
/* End PBXProject section */

/* Begin PBXResourcesBuildPhase section */
		1811CED11FD5A5BB001FF879 /* Resources */ = {
			isa = PBXResourcesBuildPhase;
			buildActionMask = 2147483647;
			files = (
				1811CEE11FD5A5BB001FF879 /* LaunchScreen.storyboard in Resources */,
				1811CEDE1FD5A5BB001FF879 /* Assets.xcassets in Resources */,
				1811CEDC1FD5A5BB001FF879 /* Main.storyboard in Resources */,
			);
			runOnlyForDeploymentPostprocessing = 0;
		};
		1811CEE51FD5A5BB001FF879 /* Resources */ = {
			isa = PBXResourcesBuildPhase;
			buildActionMask = 2147483647;
			files = (
			);
			runOnlyForDeploymentPostprocessing = 0;
		};
/* End PBXResourcesBuildPhase section */

/* Begin PBXSourcesBuildPhase section */
		1811CECF1FD5A5BB001FF879 /* Sources */ = {
			isa = PBXSourcesBuildPhase;
			buildActionMask = 2147483647;
			files = (
				1811CED91FD5A5BB001FF879 /* ViewController.swift in Sources */,
				1811CED71FD5A5BB001FF879 /* AppDelegate.swift in Sources */,
			);
			runOnlyForDeploymentPostprocessing = 0;
		};
		1811CEE31FD5A5BB001FF879 /* Sources */ = {
			isa = PBXSourcesBuildPhase;
			buildActionMask = 2147483647;
			files = (
				1811CEEC1FD5A5BB001FF879 /* NextTests.swift in Sources */,
			);
			runOnlyForDeploymentPostprocessing = 0;
		};
/* End PBXSourcesBuildPhase section */

/* Begin PBXTargetDependency section */
		1811CEE91FD5A5BB001FF879 /* PBXTargetDependency */ = {
			isa = PBXTargetDependency;
			target = 1811CED21FD5A5BB001FF879 /* Next */;
			targetProxy = 1811CEE81FD5A5BB001FF879 /* PBXContainerItemProxy */;
		};
/* End PBXTargetDependency section */

/* Begin PBXVariantGroup section */
		1811CEDA1FD5A5BB001FF879 /* Main.storyboard */ = {
			isa = PBXVariantGroup;
			children = (
				1811CEDB1FD5A5BB001FF879 /* Base */,
			);
			name = Main.storyboard;
			sourceTree = "<group>";
		};
		1811CEDF1FD5A5BB001FF879 /* LaunchScreen.storyboard */ = {
			isa = PBXVariantGroup;
			children = (
				1811CEE01FD5A5BB001FF879 /* Base */,
			);
			name = LaunchScreen.storyboard;
			sourceTree = "<group>";
		};
/* End PBXVariantGroup section */

/* Begin XCBuildConfiguration section */
		1811CEEE1FD5A5BC001FF879 /* Debug */ = {
			isa = XCBuildConfiguration;
			buildSettings = {
				ALWAYS_SEARCH_USER_PATHS = NO;
				CLANG_ANALYZER_NONNULL = YES;
				CLANG_ANALYZER_NUMBER_OBJECT_CONVERSION = YES_AGGRESSIVE;
				CLANG_CXX_LANGUAGE_STANDARD = "gnu++14";
				CLANG_CXX_LIBRARY = "libc++";
				CLANG_ENABLE_MODULES = YES;
				CLANG_ENABLE_OBJC_ARC = YES;
				CLANG_WARN_BLOCK_CAPTURE_AUTORELEASING = YES;
				CLANG_WARN_BOOL_CONVERSION = YES;
				CLANG_WARN_COMMA = YES;
				CLANG_WARN_CONSTANT_CONVERSION = YES;
				CLANG_WARN_DIRECT_OBJC_ISA_USAGE = YES_ERROR;
				CLANG_WARN_DOCUMENTATION_COMMENTS = YES;
				CLANG_WARN_EMPTY_BODY = YES;
				CLANG_WARN_ENUM_CONVERSION = YES;
				CLANG_WARN_INFINITE_RECURSION = YES;
				CLANG_WARN_INT_CONVERSION = YES;
				CLANG_WARN_NON_LITERAL_NULL_CONVERSION = YES;
				CLANG_WARN_OBJC_LITERAL_CONVERSION = YES;
				CLANG_WARN_OBJC_ROOT_CLASS = YES_ERROR;
				CLANG_WARN_RANGE_LOOP_ANALYSIS = YES;
				CLANG_WARN_STRICT_PROTOTYPES = YES;
				CLANG_WARN_SUSPICIOUS_MOVE = YES;
				CLANG_WARN_UNGUARDED_AVAILABILITY = YES_AGGRESSIVE;
				CLANG_WARN_UNREACHABLE_CODE = YES;
				CLANG_WARN__DUPLICATE_METHOD_MATCH = YES;
				CODE_SIGN_IDENTITY = "iPhone Developer";
				COPY_PHASE_STRIP = NO;
				DEBUG_INFORMATION_FORMAT = dwarf;
				ENABLE_STRICT_OBJC_MSGSEND = YES;
				ENABLE_TESTABILITY = YES;
				GCC_C_LANGUAGE_STANDARD = gnu11;
				GCC_DYNAMIC_NO_PIC = NO;
				GCC_NO_COMMON_BLOCKS = YES;
				GCC_OPTIMIZATION_LEVEL = 0;
				GCC_PREPROCESSOR_DEFINITIONS = (
					"DEBUG=1",
					"$(inherited)",
				);
				GCC_WARN_64_TO_32_BIT_CONVERSION = YES;
				GCC_WARN_ABOUT_RETURN_TYPE = YES_ERROR;
				GCC_WARN_UNDECLARED_SELECTOR = YES;
				GCC_WARN_UNINITIALIZED_AUTOS = YES_AGGRESSIVE;
				GCC_WARN_UNUSED_FUNCTION = YES;
				GCC_WARN_UNUSED_VARIABLE = YES;
				IPHONEOS_DEPLOYMENT_TARGET = 11.1;
				MTL_ENABLE_DEBUG_INFO = YES;
				ONLY_ACTIVE_ARCH = YES;
				SDKROOT = iphoneos;
				SWIFT_ACTIVE_COMPILATION_CONDITIONS = DEBUG;
				SWIFT_OPTIMIZATION_LEVEL = "-Onone";
			};
			name = Debug;
		};
		1811CEEF1FD5A5BC001FF879 /* Release */ = {
			isa = XCBuildConfiguration;
			buildSettings = {
				ALWAYS_SEARCH_USER_PATHS = NO;
				CLANG_ANALYZER_NONNULL = YES;
				CLANG_ANALYZER_NUMBER_OBJECT_CONVERSION = YES_AGGRESSIVE;
				CLANG_CXX_LANGUAGE_STANDARD = "gnu++14";
				CLANG_CXX_LIBRARY = "libc++";
				CLANG_ENABLE_MODULES = YES;
				CLANG_ENABLE_OBJC_ARC = YES;
				CLANG_WARN_BLOCK_CAPTURE_AUTORELEASING = YES;
				CLANG_WARN_BOOL_CONVERSION = YES;
				CLANG_WARN_COMMA = YES;
				CLANG_WARN_CONSTANT_CONVERSION = YES;
				CLANG_WARN_DIRECT_OBJC_ISA_USAGE = YES_ERROR;
				CLANG_WARN_DOCUMENTATION_COMMENTS = YES;
				CLANG_WARN_EMPTY_BODY = YES;
				CLANG_WARN_ENUM_CONVERSION = YES;
				CLANG_WARN_INFINITE_RECURSION = YES;
				CLANG_WARN_INT_CONVERSION = YES;
				CLANG_WARN_NON_LITERAL_NULL_CONVERSION = YES;
				CLANG_WARN_OBJC_LITERAL_CONVERSION = YES;
				CLANG_WARN_OBJC_ROOT_CLASS = YES_ERROR;
				CLANG_WARN_RANGE_LOOP_ANALYSIS = YES;
				CLANG_WARN_STRICT_PROTOTYPES = YES;
				CLANG_WARN_SUSPICIOUS_MOVE = YES;
				CLANG_WARN_UNGUARDED_AVAILABILITY = YES_AGGRESSIVE;
				CLANG_WARN_UNREACHABLE_CODE = YES;
				CLANG_WARN__DUPLICATE_METHOD_MATCH = YES;
				CODE_SIGN_IDENTITY = "iPhone Developer";
				COPY_PHASE_STRIP = NO;
				DEBUG_INFORMATION_FORMAT = "dwarf-with-dsym";
				ENABLE_NS_ASSERTIONS = NO;
				ENABLE_STRICT_OBJC_MSGSEND = YES;
				GCC_C_LANGUAGE_STANDARD = gnu11;
				GCC_NO_COMMON_BLOCKS = YES;
				GCC_WARN_64_TO_32_BIT_CONVERSION = YES;
				GCC_WARN_ABOUT_RETURN_TYPE = YES_ERROR;
				GCC_WARN_UNDECLARED_SELECTOR = YES;
				GCC_WARN_UNINITIALIZED_AUTOS = YES_AGGRESSIVE;
				GCC_WARN_UNUSED_FUNCTION = YES;
				GCC_WARN_UNUSED_VARIABLE = YES;
				IPHONEOS_DEPLOYMENT_TARGET = 11.1;
				MTL_ENABLE_DEBUG_INFO = NO;
				SDKROOT = iphoneos;
				SWIFT_OPTIMIZATION_LEVEL = "-Owholemodule";
				VALIDATE_PRODUCT = YES;
			};
			name = Release;
		};
		1811CEF11FD5A5BC001FF879 /* Debug */ = {
			isa = XCBuildConfiguration;
			buildSettings = {
				ASSETCATALOG_COMPILER_APPICON_NAME = AppIcon;
				CODE_SIGN_STYLE = Automatic;
				DEVELOPMENT_TEAM = ELTTE7K8TT;
				INFOPLIST_FILE = Next/Info.plist;
				LD_RUNPATH_SEARCH_PATHS = "$(inherited) @executable_path/Frameworks";
				PRODUCT_BUNDLE_IDENTIFIER = com.grsouza.Next;
				PRODUCT_NAME = "$(TARGET_NAME)";
				SWIFT_VERSION = 4.0;
				TARGETED_DEVICE_FAMILY = "1,2";
			};
			name = Debug;
		};
		1811CEF21FD5A5BC001FF879 /* Release */ = {
			isa = XCBuildConfiguration;
			buildSettings = {
				ASSETCATALOG_COMPILER_APPICON_NAME = AppIcon;
				CODE_SIGN_STYLE = Automatic;
				DEVELOPMENT_TEAM = ELTTE7K8TT;
				INFOPLIST_FILE = Next/Info.plist;
				LD_RUNPATH_SEARCH_PATHS = "$(inherited) @executable_path/Frameworks";
				PRODUCT_BUNDLE_IDENTIFIER = com.grsouza.Next;
				PRODUCT_NAME = "$(TARGET_NAME)";
				SWIFT_VERSION = 4.0;
				TARGETED_DEVICE_FAMILY = "1,2";
			};
			name = Release;
		};
		1811CEF41FD5A5BC001FF879 /* Debug */ = {
			isa = XCBuildConfiguration;
			buildSettings = {
				ALWAYS_EMBED_SWIFT_STANDARD_LIBRARIES = YES;
				BUNDLE_LOADER = "$(TEST_HOST)";
				CODE_SIGN_STYLE = Automatic;
				DEVELOPMENT_TEAM = ELTTE7K8TT;
				INFOPLIST_FILE = NextTests/Info.plist;
				LD_RUNPATH_SEARCH_PATHS = "$(inherited) @executable_path/Frameworks @loader_path/Frameworks";
				PRODUCT_BUNDLE_IDENTIFIER = com.grsouza.NextTests;
				PRODUCT_NAME = "$(TARGET_NAME)";
				SWIFT_VERSION = 4.0;
				TARGETED_DEVICE_FAMILY = "1,2";
				TEST_HOST = "$(BUILT_PRODUCTS_DIR)/Next.app/Next";
			};
			name = Debug;
		};
		1811CEF51FD5A5BC001FF879 /* Release */ = {
			isa = XCBuildConfiguration;
			buildSettings = {
				ALWAYS_EMBED_SWIFT_STANDARD_LIBRARIES = YES;
				BUNDLE_LOADER = "$(TEST_HOST)";
				CODE_SIGN_STYLE = Automatic;
				DEVELOPMENT_TEAM = ELTTE7K8TT;
				INFOPLIST_FILE = NextTests/Info.plist;
				LD_RUNPATH_SEARCH_PATHS = "$(inherited) @executable_path/Frameworks @loader_path/Frameworks";
				PRODUCT_BUNDLE_IDENTIFIER = com.grsouza.NextTests;
				PRODUCT_NAME = "$(TARGET_NAME)";
				SWIFT_VERSION = 4.0;
				TARGETED_DEVICE_FAMILY = "1,2";
				TEST_HOST = "$(BUILT_PRODUCTS_DIR)/Next.app/Next";
			};
			name = Release;
		};
/* End XCBuildConfiguration section */

/* Begin XCConfigurationList section */
		1811CECE1FD5A5BB001FF879 /* Build configuration list for PBXProject "Next" */ = {
			isa = XCConfigurationList;
			buildConfigurations = (
				1811CEEE1FD5A5BC001FF879 /* Debug */,
				1811CEEF1FD5A5BC001FF879 /* Release */,
			);
			defaultConfigurationIsVisible = 0;
			defaultConfigurationName = Release;
		};
		1811CEF01FD5A5BC001FF879 /* Build configuration list for PBXNativeTarget "Next" */ = {
			isa = XCConfigurationList;
			buildConfigurations = (
				1811CEF11FD5A5BC001FF879 /* Debug */,
				1811CEF21FD5A5BC001FF879 /* Release */,
			);
			defaultConfigurationIsVisible = 0;
			defaultConfigurationName = Release;
		};
		1811CEF31FD5A5BC001FF879 /* Build configuration list for PBXNativeTarget "NextTests" */ = {
			isa = XCConfigurationList;
			buildConfigurations = (
				1811CEF41FD5A5BC001FF879 /* Debug */,
				1811CEF51FD5A5BC001FF879 /* Release */,
			);
			defaultConfigurationIsVisible = 0;
			defaultConfigurationName = Release;
		};
/* End XCConfigurationList section */
	};
	rootObject = 1811CECB1FD5A5BB001FF879 /* Project object */;
}
