// !$*UTF8*$!
{
	archiveVersion = 1;
	classes = {
	};
	objectVersion = 48;
	objects = {

/* Begin PBXBuildFile section */
		083B4A3D2D3C584397B2A757 /* Pods_Next.framework in Frameworks */ = {isa = PBXBuildFile; fileRef = 6EB1881CC27B893EC330C2C2 /* Pods_Next.framework */; };
		18038D831FD81B420037152E /* GoogleService-Info.plist in Resources */ = {isa = PBXBuildFile; fileRef = 1819E8001FD5A74C00C97929 /* GoogleService-Info.plist */; };
		18038D861FD826340037152E /* ListTask.storyboard in Resources */ = {isa = PBXBuildFile; fileRef = 18038D851FD826340037152E /* ListTask.storyboard */; };
		18038D941FD8266C0037152E /* ListTaskCollectionViewController.swift in Sources */ = {isa = PBXBuildFile; fileRef = 18038D931FD8266C0037152E /* ListTaskCollectionViewController.swift */; };
		18038D961FD826820037152E /* ListTaskViewModel.swift in Sources */ = {isa = PBXBuildFile; fileRef = 18038D951FD826820037152E /* ListTaskViewModel.swift */; };
		18038D981FD8292B0037152E /* Storyboard.swift in Sources */ = {isa = PBXBuildFile; fileRef = 18038D971FD8292B0037152E /* Storyboard.swift */; };
		18038D9A1FD82A1A0037152E /* UIViewController+storyboardIdentifier.swift in Sources */ = {isa = PBXBuildFile; fileRef = 18038D991FD82A1A0037152E /* UIViewController+storyboardIdentifier.swift */; };
		18038D9D1FD82D450037152E /* RootNavigationViewModel.swift in Sources */ = {isa = PBXBuildFile; fileRef = 18038D9C1FD82D450037152E /* RootNavigationViewModel.swift */; };
		180409121FD80FC000571E55 /* LoginViewModel.swift in Sources */ = {isa = PBXBuildFile; fileRef = 180409111FD80FC000571E55 /* LoginViewModel.swift */; };
		180409141FD8114200571E55 /* Rx+Util.swift in Sources */ = {isa = PBXBuildFile; fileRef = 180409131FD8114200571E55 /* Rx+Util.swift */; };
		180409171FD8117100571E55 /* ErrorTracker.swift in Sources */ = {isa = PBXBuildFile; fileRef = 180409151FD8117100571E55 /* ErrorTracker.swift */; };
		180409181FD8117100571E55 /* ActivityIndicator.swift in Sources */ = {isa = PBXBuildFile; fileRef = 180409161FD8117100571E55 /* ActivityIndicator.swift */; };
		1804091A1FD8157800571E55 /* LoginViewModelTest.swift in Sources */ = {isa = PBXBuildFile; fileRef = 180409191FD8157800571E55 /* LoginViewModelTest.swift */; };
		1804091C1FD8176D00571E55 /* AuthServiceMock.swift in Sources */ = {isa = PBXBuildFile; fileRef = 1804091B1FD8176D00571E55 /* AuthServiceMock.swift */; };
		1811CED71FD5A5BB001FF879 /* AppDelegate.swift in Sources */ = {isa = PBXBuildFile; fileRef = 1811CED61FD5A5BB001FF879 /* AppDelegate.swift */; };
		1811CED91FD5A5BB001FF879 /* LoginViewController.swift in Sources */ = {isa = PBXBuildFile; fileRef = 1811CED81FD5A5BB001FF879 /* LoginViewController.swift */; };
		1811CEDC1FD5A5BB001FF879 /* Login.storyboard in Resources */ = {isa = PBXBuildFile; fileRef = 1811CEDA1FD5A5BB001FF879 /* Login.storyboard */; };
		1811CEDE1FD5A5BB001FF879 /* Assets.xcassets in Resources */ = {isa = PBXBuildFile; fileRef = 1811CEDD1FD5A5BB001FF879 /* Assets.xcassets */; };
		1811CEE11FD5A5BB001FF879 /* LaunchScreen.storyboard in Resources */ = {isa = PBXBuildFile; fileRef = 1811CEDF1FD5A5BB001FF879 /* LaunchScreen.storyboard */; };
		1819E8011FD5A74C00C97929 /* GoogleService-Info.plist in Resources */ = {isa = PBXBuildFile; fileRef = 1819E8001FD5A74C00C97929 /* GoogleService-Info.plist */; };
		1819E8051FD5B1DF00C97929 /* Main.storyboard in Resources */ = {isa = PBXBuildFile; fileRef = 1819E8041FD5B1DF00C97929 /* Main.storyboard */; };
		1819E8071FD5B22A00C97929 /* RootNavigationController.swift in Sources */ = {isa = PBXBuildFile; fileRef = 1819E8061FD5B22A00C97929 /* RootNavigationController.swift */; };
		1819E8091FD5B30400C97929 /* AuthService.swift in Sources */ = {isa = PBXBuildFile; fileRef = 1819E8081FD5B30400C97929 /* AuthService.swift */; };
		1819E80B1FD5B55800C97929 /* User.swift in Sources */ = {isa = PBXBuildFile; fileRef = 1819E80A1FD5B55800C97929 /* User.swift */; };
		1842DD241FD77D8100216C00 /* Validator.swift in Sources */ = {isa = PBXBuildFile; fileRef = 1842DD231FD77D8100216C00 /* Validator.swift */; };
		187E59F41FD95628009FBF6D /* Task.swift in Sources */ = {isa = PBXBuildFile; fileRef = 187E59F31FD95628009FBF6D /* Task.swift */; };
		187E59F61FD9571B009FBF6D /* ListTaskSectionController.swift in Sources */ = {isa = PBXBuildFile; fileRef = 187E59F51FD9571A009FBF6D /* ListTaskSectionController.swift */; };
		187E59F81FD9579E009FBF6D /* Reusable.swift in Sources */ = {isa = PBXBuildFile; fileRef = 187E59F71FD9579E009FBF6D /* Reusable.swift */; };
		187E59FA1FD95819009FBF6D /* ListTaskCell.swift in Sources */ = {isa = PBXBuildFile; fileRef = 187E59F91FD95819009FBF6D /* ListTaskCell.swift */; };
		189D0C0F1FD5D8CA00F8E210 /* UIScrollView+scrollToBottom.swift in Sources */ = {isa = PBXBuildFile; fileRef = 189D0C0E1FD5D8CA00F8E210 /* UIScrollView+scrollToBottom.swift */; };
		189D0C111FD5D91A00F8E210 /* CreateAccountViewController.swift in Sources */ = {isa = PBXBuildFile; fileRef = 189D0C101FD5D91A00F8E210 /* CreateAccountViewController.swift */; };
		189D0C131FD5D93800F8E210 /* CreateAccount.storyboard in Resources */ = {isa = PBXBuildFile; fileRef = 189D0C121FD5D93800F8E210 /* CreateAccount.storyboard */; };
		189D0C151FD5DCA800F8E210 /* UIViewController+showAlert.swift in Sources */ = {isa = PBXBuildFile; fileRef = 189D0C141FD5DCA800F8E210 /* UIViewController+showAlert.swift */; };
		C1DA6E5EF94AC0C145B450FC /* Pods_NextTests.framework in Frameworks */ = {isa = PBXBuildFile; fileRef = 1718FF8D88C64760FFE92024 /* Pods_NextTests.framework */; };
/* End PBXBuildFile section */

/* Begin PBXContainerItemProxy section */
		1811CEE81FD5A5BB001FF879 /* PBXContainerItemProxy */ = {
			isa = PBXContainerItemProxy;
			containerPortal = 1811CECB1FD5A5BB001FF879 /* Project object */;
			proxyType = 1;
			remoteGlobalIDString = 1811CED21FD5A5BB001FF879;
			remoteInfo = Next;
		};
/* End PBXContainerItemProxy section */

/* Begin PBXFileReference section */
		1718FF8D88C64760FFE92024 /* Pods_NextTests.framework */ = {isa = PBXFileReference; explicitFileType = wrapper.framework; includeInIndex = 0; path = Pods_NextTests.framework; sourceTree = BUILT_PRODUCTS_DIR; };
		18038D851FD826340037152E /* ListTask.storyboard */ = {isa = PBXFileReference; lastKnownFileType = file.storyboard; path = ListTask.storyboard; sourceTree = "<group>"; };
		18038D931FD8266C0037152E /* ListTaskCollectionViewController.swift */ = {isa = PBXFileReference; lastKnownFileType = sourcecode.swift; path = ListTaskCollectionViewController.swift; sourceTree = "<group>"; };
		18038D951FD826820037152E /* ListTaskViewModel.swift */ = {isa = PBXFileReference; lastKnownFileType = sourcecode.swift; path = ListTaskViewModel.swift; sourceTree = "<group>"; };
		18038D971FD8292B0037152E /* Storyboard.swift */ = {isa = PBXFileReference; lastKnownFileType = sourcecode.swift; path = Storyboard.swift; sourceTree = "<group>"; };
		18038D991FD82A1A0037152E /* UIViewController+storyboardIdentifier.swift */ = {isa = PBXFileReference; lastKnownFileType = sourcecode.swift; path = "UIViewController+storyboardIdentifier.swift"; sourceTree = "<group>"; };
		18038D9C1FD82D450037152E /* RootNavigationViewModel.swift */ = {isa = PBXFileReference; lastKnownFileType = sourcecode.swift; path = RootNavigationViewModel.swift; sourceTree = "<group>"; };
		180409111FD80FC000571E55 /* LoginViewModel.swift */ = {isa = PBXFileReference; lastKnownFileType = sourcecode.swift; path = LoginViewModel.swift; sourceTree = "<group>"; };
		180409131FD8114200571E55 /* Rx+Util.swift */ = {isa = PBXFileReference; fileEncoding = 4; lastKnownFileType = sourcecode.swift; path = "Rx+Util.swift"; sourceTree = "<group>"; };
		180409151FD8117100571E55 /* ErrorTracker.swift */ = {isa = PBXFileReference; fileEncoding = 4; lastKnownFileType = sourcecode.swift; path = ErrorTracker.swift; sourceTree = "<group>"; };
		180409161FD8117100571E55 /* ActivityIndicator.swift */ = {isa = PBXFileReference; fileEncoding = 4; lastKnownFileType = sourcecode.swift; path = ActivityIndicator.swift; sourceTree = "<group>"; };
		180409191FD8157800571E55 /* LoginViewModelTest.swift */ = {isa = PBXFileReference; lastKnownFileType = sourcecode.swift; path = LoginViewModelTest.swift; sourceTree = "<group>"; };
		1804091B1FD8176D00571E55 /* AuthServiceMock.swift */ = {isa = PBXFileReference; lastKnownFileType = sourcecode.swift; path = AuthServiceMock.swift; sourceTree = "<group>"; };
		1811CED31FD5A5BB001FF879 /* Next.app */ = {isa = PBXFileReference; explicitFileType = wrapper.application; includeInIndex = 0; path = Next.app; sourceTree = BUILT_PRODUCTS_DIR; };
		1811CED61FD5A5BB001FF879 /* AppDelegate.swift */ = {isa = PBXFileReference; lastKnownFileType = sourcecode.swift; path = AppDelegate.swift; sourceTree = "<group>"; };
		1811CED81FD5A5BB001FF879 /* LoginViewController.swift */ = {isa = PBXFileReference; lastKnownFileType = sourcecode.swift; path = LoginViewController.swift; sourceTree = "<group>"; };
		1811CEDB1FD5A5BB001FF879 /* Base */ = {isa = PBXFileReference; lastKnownFileType = file.storyboard; name = Base; path = Base.lproj/Login.storyboard; sourceTree = "<group>"; };
		1811CEDD1FD5A5BB001FF879 /* Assets.xcassets */ = {isa = PBXFileReference; lastKnownFileType = folder.assetcatalog; path = Assets.xcassets; sourceTree = "<group>"; };
		1811CEE01FD5A5BB001FF879 /* Base */ = {isa = PBXFileReference; lastKnownFileType = file.storyboard; name = Base; path = Base.lproj/LaunchScreen.storyboard; sourceTree = "<group>"; };
		1811CEE21FD5A5BB001FF879 /* Info.plist */ = {isa = PBXFileReference; lastKnownFileType = text.plist.xml; path = Info.plist; sourceTree = "<group>"; };
		1811CEE71FD5A5BB001FF879 /* NextTests.xctest */ = {isa = PBXFileReference; explicitFileType = wrapper.cfbundle; includeInIndex = 0; path = NextTests.xctest; sourceTree = BUILT_PRODUCTS_DIR; };
		1811CEED1FD5A5BC001FF879 /* Info.plist */ = {isa = PBXFileReference; lastKnownFileType = text.plist.xml; path = Info.plist; sourceTree = "<group>"; };
		1819E8001FD5A74C00C97929 /* GoogleService-Info.plist */ = {isa = PBXFileReference; fileEncoding = 4; lastKnownFileType = text.plist.xml; path = "GoogleService-Info.plist"; sourceTree = "<group>"; };
		1819E8041FD5B1DF00C97929 /* Main.storyboard */ = {isa = PBXFileReference; lastKnownFileType = file.storyboard; path = Main.storyboard; sourceTree = "<group>"; };
		1819E8061FD5B22A00C97929 /* RootNavigationController.swift */ = {isa = PBXFileReference; lastKnownFileType = sourcecode.swift; path = RootNavigationController.swift; sourceTree = "<group>"; };
		1819E8081FD5B30400C97929 /* AuthService.swift */ = {isa = PBXFileReference; lastKnownFileType = sourcecode.swift; path = AuthService.swift; sourceTree = "<group>"; };
		1819E80A1FD5B55800C97929 /* User.swift */ = {isa = PBXFileReference; lastKnownFileType = sourcecode.swift; path = User.swift; sourceTree = "<group>"; };
		1842DD231FD77D8100216C00 /* Validator.swift */ = {isa = PBXFileReference; lastKnownFileType = sourcecode.swift; path = Validator.swift; sourceTree = "<group>"; };
		187E59F31FD95628009FBF6D /* Task.swift */ = {isa = PBXFileReference; lastKnownFileType = sourcecode.swift; path = Task.swift; sourceTree = "<group>"; };
		187E59F51FD9571A009FBF6D /* ListTaskSectionController.swift */ = {isa = PBXFileReference; lastKnownFileType = sourcecode.swift; path = ListTaskSectionController.swift; sourceTree = "<group>"; };
		187E59F71FD9579E009FBF6D /* Reusable.swift */ = {isa = PBXFileReference; lastKnownFileType = sourcecode.swift; path = Reusable.swift; sourceTree = "<group>"; };
		187E59F91FD95819009FBF6D /* ListTaskCell.swift */ = {isa = PBXFileReference; lastKnownFileType = sourcecode.swift; path = ListTaskCell.swift; sourceTree = "<group>"; };
		189D0C0E1FD5D8CA00F8E210 /* UIScrollView+scrollToBottom.swift */ = {isa = PBXFileReference; lastKnownFileType = sourcecode.swift; path = "UIScrollView+scrollToBottom.swift"; sourceTree = "<group>"; };
		189D0C101FD5D91A00F8E210 /* CreateAccountViewController.swift */ = {isa = PBXFileReference; lastKnownFileType = sourcecode.swift; path = CreateAccountViewController.swift; sourceTree = "<group>"; };
		189D0C121FD5D93800F8E210 /* CreateAccount.storyboard */ = {isa = PBXFileReference; lastKnownFileType = file.storyboard; path = CreateAccount.storyboard; sourceTree = "<group>"; };
		189D0C141FD5DCA800F8E210 /* UIViewController+showAlert.swift */ = {isa = PBXFileReference; lastKnownFileType = sourcecode.swift; path = "UIViewController+showAlert.swift"; sourceTree = "<group>"; };
		35DD24719F8810A3631059F7 /* Pods-NextTests.debug.xcconfig */ = {isa = PBXFileReference; includeInIndex = 1; lastKnownFileType = text.xcconfig; name = "Pods-NextTests.debug.xcconfig"; path = "Pods/Target Support Files/Pods-NextTests/Pods-NextTests.debug.xcconfig"; sourceTree = "<group>"; };
		6EB1881CC27B893EC330C2C2 /* Pods_Next.framework */ = {isa = PBXFileReference; explicitFileType = wrapper.framework; includeInIndex = 0; path = Pods_Next.framework; sourceTree = BUILT_PRODUCTS_DIR; };
		7CC63BCA67AC79265610D905 /* Pods-Next.release.xcconfig */ = {isa = PBXFileReference; includeInIndex = 1; lastKnownFileType = text.xcconfig; name = "Pods-Next.release.xcconfig"; path = "Pods/Target Support Files/Pods-Next/Pods-Next.release.xcconfig"; sourceTree = "<group>"; };
		D020E32426CD3E949B593C95 /* Pods-NextTests.release.xcconfig */ = {isa = PBXFileReference; includeInIndex = 1; lastKnownFileType = text.xcconfig; name = "Pods-NextTests.release.xcconfig"; path = "Pods/Target Support Files/Pods-NextTests/Pods-NextTests.release.xcconfig"; sourceTree = "<group>"; };
		DBB675930CD2DAAD1F416655 /* Pods-Next.debug.xcconfig */ = {isa = PBXFileReference; includeInIndex = 1; lastKnownFileType = text.xcconfig; name = "Pods-Next.debug.xcconfig"; path = "Pods/Target Support Files/Pods-Next/Pods-Next.debug.xcconfig"; sourceTree = "<group>"; };
/* End PBXFileReference section */

/* Begin PBXFrameworksBuildPhase section */
		1811CED01FD5A5BB001FF879 /* Frameworks */ = {
			isa = PBXFrameworksBuildPhase;
			buildActionMask = 2147483647;
			files = (
				083B4A3D2D3C584397B2A757 /* Pods_Next.framework in Frameworks */,
			);
			runOnlyForDeploymentPostprocessing = 0;
		};
		1811CEE41FD5A5BB001FF879 /* Frameworks */ = {
			isa = PBXFrameworksBuildPhase;
			buildActionMask = 2147483647;
			files = (
				C1DA6E5EF94AC0C145B450FC /* Pods_NextTests.framework in Frameworks */,
			);
			runOnlyForDeploymentPostprocessing = 0;
		};
/* End PBXFrameworksBuildPhase section */

/* Begin PBXGroup section */
		18038D841FD826140037152E /* ListTask */ = {
			isa = PBXGroup;
			children = (
				18038D851FD826340037152E /* ListTask.storyboard */,
				18038D931FD8266C0037152E /* ListTaskCollectionViewController.swift */,
				18038D951FD826820037152E /* ListTaskViewModel.swift */,
				187E59F51FD9571A009FBF6D /* ListTaskSectionController.swift */,
				187E59F91FD95819009FBF6D /* ListTaskCell.swift */,
			);
			path = ListTask;
			sourceTree = "<group>";
		};
		18038D9B1FD82D1C0037152E /* RootNavigation */ = {
			isa = PBXGroup;
			children = (
				1819E8061FD5B22A00C97929 /* RootNavigationController.swift */,
				18038D9C1FD82D450037152E /* RootNavigationViewModel.swift */,
			);
			path = RootNavigation;
			sourceTree = "<group>";
		};
		1811CECA1FD5A5BB001FF879 = {
			isa = PBXGroup;
			children = (
				1811CED51FD5A5BB001FF879 /* Next */,
				1811CEEA1FD5A5BB001FF879 /* NextTests */,
				1811CED41FD5A5BB001FF879 /* Products */,
				6260B669CD190F4237484991 /* Pods */,
				587D4FC07A56CA5F992BC57E /* Frameworks */,
			);
			sourceTree = "<group>";
		};
		1811CED41FD5A5BB001FF879 /* Products */ = {
			isa = PBXGroup;
			children = (
				1811CED31FD5A5BB001FF879 /* Next.app */,
				1811CEE71FD5A5BB001FF879 /* NextTests.xctest */,
			);
			name = Products;
			sourceTree = "<group>";
		};
		1811CED51FD5A5BB001FF879 /* Next */ = {
			isa = PBXGroup;
			children = (
				1811CED61FD5A5BB001FF879 /* AppDelegate.swift */,
				1842DD1B1FD7761400216C00 /* Scenes */,
				1811CEDD1FD5A5BB001FF879 /* Assets.xcassets */,
				1811CEDF1FD5A5BB001FF879 /* LaunchScreen.storyboard */,
				1819E8001FD5A74C00C97929 /* GoogleService-Info.plist */,
				1811CEE21FD5A5BB001FF879 /* Info.plist */,
				1819E8041FD5B1DF00C97929 /* Main.storyboard */,
				18038D9B1FD82D1C0037152E /* RootNavigation */,
				1819E8081FD5B30400C97929 /* AuthService.swift */,
				1819E80A1FD5B55800C97929 /* User.swift */,
				189D0C0E1FD5D8CA00F8E210 /* UIScrollView+scrollToBottom.swift */,
				189D0C141FD5DCA800F8E210 /* UIViewController+showAlert.swift */,
				180409161FD8117100571E55 /* ActivityIndicator.swift */,
				180409151FD8117100571E55 /* ErrorTracker.swift */,
				180409131FD8114200571E55 /* Rx+Util.swift */,
				1842DD231FD77D8100216C00 /* Validator.swift */,
				18038D971FD8292B0037152E /* Storyboard.swift */,
				18038D991FD82A1A0037152E /* UIViewController+storyboardIdentifier.swift */,
				187E59F31FD95628009FBF6D /* Task.swift */,
				187E59F71FD9579E009FBF6D /* Reusable.swift */,
			);
			path = Next;
			sourceTree = "<group>";
		};
		1811CEEA1FD5A5BB001FF879 /* NextTests */ = {
			isa = PBXGroup;
			children = (
				1811CEED1FD5A5BC001FF879 /* Info.plist */,
				180409191FD8157800571E55 /* LoginViewModelTest.swift */,
				1804091B1FD8176D00571E55 /* AuthServiceMock.swift */,
			);
			path = NextTests;
			sourceTree = "<group>";
		};
		1842DD1A1FD7760700216C00 /* Login */ = {
			isa = PBXGroup;
			children = (
				1811CEDA1FD5A5BB001FF879 /* Login.storyboard */,
				1811CED81FD5A5BB001FF879 /* LoginViewController.swift */,
				180409111FD80FC000571E55 /* LoginViewModel.swift */,
			);
			path = Login;
			sourceTree = "<group>";
		};
		1842DD1B1FD7761400216C00 /* Scenes */ = {
			isa = PBXGroup;
			children = (
				18038D841FD826140037152E /* ListTask */,
				1842DD221FD77BDC00216C00 /* CreateAccount */,
				1842DD1A1FD7760700216C00 /* Login */,
			);
			path = Scenes;
			sourceTree = "<group>";
		};
		1842DD221FD77BDC00216C00 /* CreateAccount */ = {
			isa = PBXGroup;
			children = (
				189D0C101FD5D91A00F8E210 /* CreateAccountViewController.swift */,
				189D0C121FD5D93800F8E210 /* CreateAccount.storyboard */,
			);
			path = CreateAccount;
			sourceTree = "<group>";
		};
		587D4FC07A56CA5F992BC57E /* Frameworks */ = {
			isa = PBXGroup;
			children = (
				6EB1881CC27B893EC330C2C2 /* Pods_Next.framework */,
				1718FF8D88C64760FFE92024 /* Pods_NextTests.framework */,
			);
			name = Frameworks;
			sourceTree = "<group>";
		};
		6260B669CD190F4237484991 /* Pods */ = {
			isa = PBXGroup;
			children = (
				DBB675930CD2DAAD1F416655 /* Pods-Next.debug.xcconfig */,
				7CC63BCA67AC79265610D905 /* Pods-Next.release.xcconfig */,
				35DD24719F8810A3631059F7 /* Pods-NextTests.debug.xcconfig */,
				D020E32426CD3E949B593C95 /* Pods-NextTests.release.xcconfig */,
			);
			name = Pods;
			sourceTree = "<group>";
		};
/* End PBXGroup section */

/* Begin PBXNativeTarget section */
		1811CED21FD5A5BB001FF879 /* Next */ = {
			isa = PBXNativeTarget;
			buildConfigurationList = 1811CEF01FD5A5BC001FF879 /* Build configuration list for PBXNativeTarget "Next" */;
			buildPhases = (
				EEFCC35867F49C75D1BFA42B /* [CP] Check Pods Manifest.lock */,
				1811CECF1FD5A5BB001FF879 /* Sources */,
				1811CED01FD5A5BB001FF879 /* Frameworks */,
				1811CED11FD5A5BB001FF879 /* Resources */,
				7FFF1D9BE200B613D0764220 /* [CP] Embed Pods Frameworks */,
				78D5CF6EA6FE97C8B2E6A6E2 /* [CP] Copy Pods Resources */,
			);
			buildRules = (
			);
			dependencies = (
			);
			name = Next;
			productName = Next;
			productReference = 1811CED31FD5A5BB001FF879 /* Next.app */;
			productType = "com.apple.product-type.application";
		};
		1811CEE61FD5A5BB001FF879 /* NextTests */ = {
			isa = PBXNativeTarget;
			buildConfigurationList = 1811CEF31FD5A5BC001FF879 /* Build configuration list for PBXNativeTarget "NextTests" */;
			buildPhases = (
				877A9F0D0B4FCAB92F25640A /* [CP] Check Pods Manifest.lock */,
				1811CEE31FD5A5BB001FF879 /* Sources */,
				1811CEE41FD5A5BB001FF879 /* Frameworks */,
				1811CEE51FD5A5BB001FF879 /* Resources */,
				7A518F55E1C26AF4AB42FEAB /* [CP] Embed Pods Frameworks */,
				C5AE1D8D5C24BAA3CEDFF818 /* [CP] Copy Pods Resources */,
			);
			buildRules = (
			);
			dependencies = (
				1811CEE91FD5A5BB001FF879 /* PBXTargetDependency */,
			);
			name = NextTests;
			productName = NextTests;
			productReference = 1811CEE71FD5A5BB001FF879 /* NextTests.xctest */;
			productType = "com.apple.product-type.bundle.unit-test";
		};
/* End PBXNativeTarget section */

/* Begin PBXProject section */
		1811CECB1FD5A5BB001FF879 /* Project object */ = {
			isa = PBXProject;
			attributes = {
				LastSwiftUpdateCheck = 0910;
				LastUpgradeCheck = 0910;
				ORGANIZATIONNAME = "Guilherme Souza";
				TargetAttributes = {
					1811CED21FD5A5BB001FF879 = {
						CreatedOnToolsVersion = 9.1;
						ProvisioningStyle = Automatic;
					};
					1811CEE61FD5A5BB001FF879 = {
						CreatedOnToolsVersion = 9.1;
						ProvisioningStyle = Automatic;
						TestTargetID = 1811CED21FD5A5BB001FF879;
					};
				};
			};
			buildConfigurationList = 1811CECE1FD5A5BB001FF879 /* Build configuration list for PBXProject "Next" */;
			compatibilityVersion = "Xcode 8.0";
			developmentRegion = en;
			hasScannedForEncodings = 0;
			knownRegions = (
				en,
				Base,
			);
			mainGroup = 1811CECA1FD5A5BB001FF879;
			productRefGroup = 1811CED41FD5A5BB001FF879 /* Products */;
			projectDirPath = "";
			projectRoot = "";
			targets = (
				1811CED21FD5A5BB001FF879 /* Next */,
				1811CEE61FD5A5BB001FF879 /* NextTests */,
			);
		};
/* End PBXProject section */

/* Begin PBXResourcesBuildPhase section */
		1811CED11FD5A5BB001FF879 /* Resources */ = {
			isa = PBXResourcesBuildPhase;
			buildActionMask = 2147483647;
			files = (
				1811CEE11FD5A5BB001FF879 /* LaunchScreen.storyboard in Resources */,
				1819E8051FD5B1DF00C97929 /* Main.storyboard in Resources */,
				189D0C131FD5D93800F8E210 /* CreateAccount.storyboard in Resources */,
				1819E8011FD5A74C00C97929 /* GoogleService-Info.plist in Resources */,
				1811CEDE1FD5A5BB001FF879 /* Assets.xcassets in Resources */,
				18038D861FD826340037152E /* ListTask.storyboard in Resources */,
				1811CEDC1FD5A5BB001FF879 /* Login.storyboard in Resources */,
			);
			runOnlyForDeploymentPostprocessing = 0;
		};
		1811CEE51FD5A5BB001FF879 /* Resources */ = {
			isa = PBXResourcesBuildPhase;
			buildActionMask = 2147483647;
			files = (
				18038D831FD81B420037152E /* GoogleService-Info.plist in Resources */,
			);
			runOnlyForDeploymentPostprocessing = 0;
		};
/* End PBXResourcesBuildPhase section */

/* Begin PBXShellScriptBuildPhase section */
		78D5CF6EA6FE97C8B2E6A6E2 /* [CP] Copy Pods Resources */ = {
			isa = PBXShellScriptBuildPhase;
			buildActionMask = 2147483647;
			files = (
			);
			inputPaths = (
			);
			name = "[CP] Copy Pods Resources";
			outputPaths = (
			);
			runOnlyForDeploymentPostprocessing = 0;
			shellPath = /bin/sh;
			shellScript = "\"${SRCROOT}/Pods/Target Support Files/Pods-Next/Pods-Next-resources.sh\"\n";
			showEnvVarsInLog = 0;
		};
		7A518F55E1C26AF4AB42FEAB /* [CP] Embed Pods Frameworks */ = {
			isa = PBXShellScriptBuildPhase;
			buildActionMask = 2147483647;
			files = (
			);
			inputPaths = (
				"${SRCROOT}/Pods/Target Support Files/Pods-NextTests/Pods-NextTests-frameworks.sh",
				"${BUILT_PRODUCTS_DIR}/RxSwift/RxSwift.framework",
				"${BUILT_PRODUCTS_DIR}/Nimble/Nimble.framework",
				"${BUILT_PRODUCTS_DIR}/RxTest/RxTest.framework",
			);
			name = "[CP] Embed Pods Frameworks";
			outputPaths = (
				"${TARGET_BUILD_DIR}/${FRAMEWORKS_FOLDER_PATH}/RxSwift.framework",
				"${TARGET_BUILD_DIR}/${FRAMEWORKS_FOLDER_PATH}/Nimble.framework",
				"${TARGET_BUILD_DIR}/${FRAMEWORKS_FOLDER_PATH}/RxTest.framework",
			);
			runOnlyForDeploymentPostprocessing = 0;
			shellPath = /bin/sh;
			shellScript = "\"${SRCROOT}/Pods/Target Support Files/Pods-NextTests/Pods-NextTests-frameworks.sh\"\n";
			showEnvVarsInLog = 0;
		};
		7FFF1D9BE200B613D0764220 /* [CP] Embed Pods Frameworks */ = {
			isa = PBXShellScriptBuildPhase;
			buildActionMask = 2147483647;
			files = (
			);
			inputPaths = (
				"${SRCROOT}/Pods/Target Support Files/Pods-Next/Pods-Next-frameworks.sh",
				"${BUILT_PRODUCTS_DIR}/GTMSessionFetcher/GTMSessionFetcher.framework",
				"${BUILT_PRODUCTS_DIR}/GoogleToolboxForMac/GoogleToolboxForMac.framework",
				"${BUILT_PRODUCTS_DIR}/IGListKit/IGListKit.framework",
				"${BUILT_PRODUCTS_DIR}/Result/Result.framework",
				"${BUILT_PRODUCTS_DIR}/RxCocoa/RxCocoa.framework",
				"${BUILT_PRODUCTS_DIR}/RxSwift/RxSwift.framework",
				"${BUILT_PRODUCTS_DIR}/leveldb-library/leveldb.framework",
				"${BUILT_PRODUCTS_DIR}/nanopb/nanopb.framework",
			);
			name = "[CP] Embed Pods Frameworks";
			outputPaths = (
				"${TARGET_BUILD_DIR}/${FRAMEWORKS_FOLDER_PATH}/GTMSessionFetcher.framework",
				"${TARGET_BUILD_DIR}/${FRAMEWORKS_FOLDER_PATH}/GoogleToolboxForMac.framework",
				"${TARGET_BUILD_DIR}/${FRAMEWORKS_FOLDER_PATH}/IGListKit.framework",
				"${TARGET_BUILD_DIR}/${FRAMEWORKS_FOLDER_PATH}/Result.framework",
				"${TARGET_BUILD_DIR}/${FRAMEWORKS_FOLDER_PATH}/RxCocoa.framework",
				"${TARGET_BUILD_DIR}/${FRAMEWORKS_FOLDER_PATH}/RxSwift.framework",
				"${TARGET_BUILD_DIR}/${FRAMEWORKS_FOLDER_PATH}/leveldb.framework",
				"${TARGET_BUILD_DIR}/${FRAMEWORKS_FOLDER_PATH}/nanopb.framework",
			);
			runOnlyForDeploymentPostprocessing = 0;
			shellPath = /bin/sh;
			shellScript = "\"${SRCROOT}/Pods/Target Support Files/Pods-Next/Pods-Next-frameworks.sh\"\n";
			showEnvVarsInLog = 0;
		};
		877A9F0D0B4FCAB92F25640A /* [CP] Check Pods Manifest.lock */ = {
			isa = PBXShellScriptBuildPhase;
			buildActionMask = 2147483647;
			files = (
			);
			inputPaths = (
				"${PODS_PODFILE_DIR_PATH}/Podfile.lock",
				"${PODS_ROOT}/Manifest.lock",
			);
			name = "[CP] Check Pods Manifest.lock";
			outputPaths = (
				"$(DERIVED_FILE_DIR)/Pods-NextTests-checkManifestLockResult.txt",
			);
			runOnlyForDeploymentPostprocessing = 0;
			shellPath = /bin/sh;
			shellScript = "diff \"${PODS_PODFILE_DIR_PATH}/Podfile.lock\" \"${PODS_ROOT}/Manifest.lock\" > /dev/null\nif [ $? != 0 ] ; then\n    # print error to STDERR\n    echo \"error: The sandbox is not in sync with the Podfile.lock. Run 'pod install' or update your CocoaPods installation.\" >&2\n    exit 1\nfi\n# This output is used by Xcode 'outputs' to avoid re-running this script phase.\necho \"SUCCESS\" > \"${SCRIPT_OUTPUT_FILE_0}\"\n";
			showEnvVarsInLog = 0;
		};
		C5AE1D8D5C24BAA3CEDFF818 /* [CP] Copy Pods Resources */ = {
			isa = PBXShellScriptBuildPhase;
			buildActionMask = 2147483647;
			files = (
			);
			inputPaths = (
			);
			name = "[CP] Copy Pods Resources";
			outputPaths = (
			);
			runOnlyForDeploymentPostprocessing = 0;
			shellPath = /bin/sh;
			shellScript = "\"${SRCROOT}/Pods/Target Support Files/Pods-NextTests/Pods-NextTests-resources.sh\"\n";
			showEnvVarsInLog = 0;
		};
		EEFCC35867F49C75D1BFA42B /* [CP] Check Pods Manifest.lock */ = {
			isa = PBXShellScriptBuildPhase;
			buildActionMask = 2147483647;
			files = (
			);
			inputPaths = (
				"${PODS_PODFILE_DIR_PATH}/Podfile.lock",
				"${PODS_ROOT}/Manifest.lock",
			);
			name = "[CP] Check Pods Manifest.lock";
			outputPaths = (
				"$(DERIVED_FILE_DIR)/Pods-Next-checkManifestLockResult.txt",
			);
			runOnlyForDeploymentPostprocessing = 0;
			shellPath = /bin/sh;
			shellScript = "diff \"${PODS_PODFILE_DIR_PATH}/Podfile.lock\" \"${PODS_ROOT}/Manifest.lock\" > /dev/null\nif [ $? != 0 ] ; then\n    # print error to STDERR\n    echo \"error: The sandbox is not in sync with the Podfile.lock. Run 'pod install' or update your CocoaPods installation.\" >&2\n    exit 1\nfi\n# This output is used by Xcode 'outputs' to avoid re-running this script phase.\necho \"SUCCESS\" > \"${SCRIPT_OUTPUT_FILE_0}\"\n";
			showEnvVarsInLog = 0;
		};
/* End PBXShellScriptBuildPhase section */

/* Begin PBXSourcesBuildPhase section */
		1811CECF1FD5A5BB001FF879 /* Sources */ = {
			isa = PBXSourcesBuildPhase;
			buildActionMask = 2147483647;
			files = (
				1811CED91FD5A5BB001FF879 /* LoginViewController.swift in Sources */,
				1819E8071FD5B22A00C97929 /* RootNavigationController.swift in Sources */,
				180409121FD80FC000571E55 /* LoginViewModel.swift in Sources */,
				1842DD241FD77D8100216C00 /* Validator.swift in Sources */,
				187E59FA1FD95819009FBF6D /* ListTaskCell.swift in Sources */,
				18038D9A1FD82A1A0037152E /* UIViewController+storyboardIdentifier.swift in Sources */,
				180409181FD8117100571E55 /* ActivityIndicator.swift in Sources */,
				187E59F81FD9579E009FBF6D /* Reusable.swift in Sources */,
				1819E80B1FD5B55800C97929 /* User.swift in Sources */,
				187E59F41FD95628009FBF6D /* Task.swift in Sources */,
				180409171FD8117100571E55 /* ErrorTracker.swift in Sources */,
				1819E8091FD5B30400C97929 /* AuthService.swift in Sources */,
				187E59F61FD9571B009FBF6D /* ListTaskSectionController.swift in Sources */,
				189D0C111FD5D91A00F8E210 /* CreateAccountViewController.swift in Sources */,
				18038D941FD8266C0037152E /* ListTaskCollectionViewController.swift in Sources */,
				189D0C0F1FD5D8CA00F8E210 /* UIScrollView+scrollToBottom.swift in Sources */,
				18038D9D1FD82D450037152E /* RootNavigationViewModel.swift in Sources */,
				18038D981FD8292B0037152E /* Storyboard.swift in Sources */,
				1811CED71FD5A5BB001FF879 /* AppDelegate.swift in Sources */,
				18038D961FD826820037152E /* ListTaskViewModel.swift in Sources */,
				189D0C151FD5DCA800F8E210 /* UIViewController+showAlert.swift in Sources */,
				180409141FD8114200571E55 /* Rx+Util.swift in Sources */,
			);
			runOnlyForDeploymentPostprocessing = 0;
		};
		1811CEE31FD5A5BB001FF879 /* Sources */ = {
			isa = PBXSourcesBuildPhase;
			buildActionMask = 2147483647;
			files = (
				1804091C1FD8176D00571E55 /* AuthServiceMock.swift in Sources */,
				1804091A1FD8157800571E55 /* LoginViewModelTest.swift in Sources */,
			);
			runOnlyForDeploymentPostprocessing = 0;
		};
/* End PBXSourcesBuildPhase section */

/* Begin PBXTargetDependency section */
		1811CEE91FD5A5BB001FF879 /* PBXTargetDependency */ = {
			isa = PBXTargetDependency;
			target = 1811CED21FD5A5BB001FF879 /* Next */;
			targetProxy = 1811CEE81FD5A5BB001FF879 /* PBXContainerItemProxy */;
		};
/* End PBXTargetDependency section */

/* Begin PBXVariantGroup section */
		1811CEDA1FD5A5BB001FF879 /* Login.storyboard */ = {
			isa = PBXVariantGroup;
			children = (
				1811CEDB1FD5A5BB001FF879 /* Base */,
			);
			name = Login.storyboard;
			sourceTree = "<group>";
		};
		1811CEDF1FD5A5BB001FF879 /* LaunchScreen.storyboard */ = {
			isa = PBXVariantGroup;
			children = (
				1811CEE01FD5A5BB001FF879 /* Base */,
			);
			name = LaunchScreen.storyboard;
			sourceTree = "<group>";
		};
/* End PBXVariantGroup section */

/* Begin XCBuildConfiguration section */
		1811CEEE1FD5A5BC001FF879 /* Debug */ = {
			isa = XCBuildConfiguration;
			buildSettings = {
				ALWAYS_SEARCH_USER_PATHS = NO;
				CLANG_ANALYZER_NONNULL = YES;
				CLANG_ANALYZER_NUMBER_OBJECT_CONVERSION = YES_AGGRESSIVE;
				CLANG_CXX_LANGUAGE_STANDARD = "gnu++14";
				CLANG_CXX_LIBRARY = "libc++";
				CLANG_ENABLE_MODULES = YES;
				CLANG_ENABLE_OBJC_ARC = YES;
				CLANG_WARN_BLOCK_CAPTURE_AUTORELEASING = YES;
				CLANG_WARN_BOOL_CONVERSION = YES;
				CLANG_WARN_COMMA = YES;
				CLANG_WARN_CONSTANT_CONVERSION = YES;
				CLANG_WARN_DIRECT_OBJC_ISA_USAGE = YES_ERROR;
				CLANG_WARN_DOCUMENTATION_COMMENTS = YES;
				CLANG_WARN_EMPTY_BODY = YES;
				CLANG_WARN_ENUM_CONVERSION = YES;
				CLANG_WARN_INFINITE_RECURSION = YES;
				CLANG_WARN_INT_CONVERSION = YES;
				CLANG_WARN_NON_LITERAL_NULL_CONVERSION = YES;
				CLANG_WARN_OBJC_LITERAL_CONVERSION = YES;
				CLANG_WARN_OBJC_ROOT_CLASS = YES_ERROR;
				CLANG_WARN_RANGE_LOOP_ANALYSIS = YES;
				CLANG_WARN_STRICT_PROTOTYPES = YES;
				CLANG_WARN_SUSPICIOUS_MOVE = YES;
				CLANG_WARN_UNGUARDED_AVAILABILITY = YES_AGGRESSIVE;
				CLANG_WARN_UNREACHABLE_CODE = YES;
				CLANG_WARN__DUPLICATE_METHOD_MATCH = YES;
				CODE_SIGN_IDENTITY = "iPhone Developer";
				COPY_PHASE_STRIP = NO;
				DEBUG_INFORMATION_FORMAT = dwarf;
				ENABLE_STRICT_OBJC_MSGSEND = YES;
				ENABLE_TESTABILITY = YES;
				GCC_C_LANGUAGE_STANDARD = gnu11;
				GCC_DYNAMIC_NO_PIC = NO;
				GCC_NO_COMMON_BLOCKS = YES;
				GCC_OPTIMIZATION_LEVEL = 0;
				GCC_PREPROCESSOR_DEFINITIONS = (
					"DEBUG=1",
					"$(inherited)",
				);
				GCC_WARN_64_TO_32_BIT_CONVERSION = YES;
				GCC_WARN_ABOUT_RETURN_TYPE = YES_ERROR;
				GCC_WARN_UNDECLARED_SELECTOR = YES;
				GCC_WARN_UNINITIALIZED_AUTOS = YES_AGGRESSIVE;
				GCC_WARN_UNUSED_FUNCTION = YES;
				GCC_WARN_UNUSED_VARIABLE = YES;
				IPHONEOS_DEPLOYMENT_TARGET = 11.1;
				MTL_ENABLE_DEBUG_INFO = YES;
				ONLY_ACTIVE_ARCH = YES;
				SDKROOT = iphoneos;
				SWIFT_ACTIVE_COMPILATION_CONDITIONS = DEBUG;
				SWIFT_OPTIMIZATION_LEVEL = "-Onone";
			};
			name = Debug;
		};
		1811CEEF1FD5A5BC001FF879 /* Release */ = {
			isa = XCBuildConfiguration;
			buildSettings = {
				ALWAYS_SEARCH_USER_PATHS = NO;
				CLANG_ANALYZER_NONNULL = YES;
				CLANG_ANALYZER_NUMBER_OBJECT_CONVERSION = YES_AGGRESSIVE;
				CLANG_CXX_LANGUAGE_STANDARD = "gnu++14";
				CLANG_CXX_LIBRARY = "libc++";
				CLANG_ENABLE_MODULES = YES;
				CLANG_ENABLE_OBJC_ARC = YES;
				CLANG_WARN_BLOCK_CAPTURE_AUTORELEASING = YES;
				CLANG_WARN_BOOL_CONVERSION = YES;
				CLANG_WARN_COMMA = YES;
				CLANG_WARN_CONSTANT_CONVERSION = YES;
				CLANG_WARN_DIRECT_OBJC_ISA_USAGE = YES_ERROR;
				CLANG_WARN_DOCUMENTATION_COMMENTS = YES;
				CLANG_WARN_EMPTY_BODY = YES;
				CLANG_WARN_ENUM_CONVERSION = YES;
				CLANG_WARN_INFINITE_RECURSION = YES;
				CLANG_WARN_INT_CONVERSION = YES;
				CLANG_WARN_NON_LITERAL_NULL_CONVERSION = YES;
				CLANG_WARN_OBJC_LITERAL_CONVERSION = YES;
				CLANG_WARN_OBJC_ROOT_CLASS = YES_ERROR;
				CLANG_WARN_RANGE_LOOP_ANALYSIS = YES;
				CLANG_WARN_STRICT_PROTOTYPES = YES;
				CLANG_WARN_SUSPICIOUS_MOVE = YES;
				CLANG_WARN_UNGUARDED_AVAILABILITY = YES_AGGRESSIVE;
				CLANG_WARN_UNREACHABLE_CODE = YES;
				CLANG_WARN__DUPLICATE_METHOD_MATCH = YES;
				CODE_SIGN_IDENTITY = "iPhone Developer";
				COPY_PHASE_STRIP = NO;
				DEBUG_INFORMATION_FORMAT = "dwarf-with-dsym";
				ENABLE_NS_ASSERTIONS = NO;
				ENABLE_STRICT_OBJC_MSGSEND = YES;
				GCC_C_LANGUAGE_STANDARD = gnu11;
				GCC_NO_COMMON_BLOCKS = YES;
				GCC_WARN_64_TO_32_BIT_CONVERSION = YES;
				GCC_WARN_ABOUT_RETURN_TYPE = YES_ERROR;
				GCC_WARN_UNDECLARED_SELECTOR = YES;
				GCC_WARN_UNINITIALIZED_AUTOS = YES_AGGRESSIVE;
				GCC_WARN_UNUSED_FUNCTION = YES;
				GCC_WARN_UNUSED_VARIABLE = YES;
				IPHONEOS_DEPLOYMENT_TARGET = 11.1;
				MTL_ENABLE_DEBUG_INFO = NO;
				SDKROOT = iphoneos;
				SWIFT_OPTIMIZATION_LEVEL = "-Owholemodule";
				VALIDATE_PRODUCT = YES;
			};
			name = Release;
		};
		1811CEF11FD5A5BC001FF879 /* Debug */ = {
			isa = XCBuildConfiguration;
			baseConfigurationReference = DBB675930CD2DAAD1F416655 /* Pods-Next.debug.xcconfig */;
			buildSettings = {
				ASSETCATALOG_COMPILER_APPICON_NAME = AppIcon;
				CODE_SIGN_STYLE = Automatic;
				DEVELOPMENT_TEAM = ELTTE7K8TT;
				INFOPLIST_FILE = Next/Info.plist;
				LD_RUNPATH_SEARCH_PATHS = "$(inherited) @executable_path/Frameworks";
				PRODUCT_BUNDLE_IDENTIFIER = com.grsouza.Next;
				PRODUCT_NAME = "$(TARGET_NAME)";
				SWIFT_VERSION = 4.0;
				TARGETED_DEVICE_FAMILY = "1,2";
			};
			name = Debug;
		};
		1811CEF21FD5A5BC001FF879 /* Release */ = {
			isa = XCBuildConfiguration;
			baseConfigurationReference = 7CC63BCA67AC79265610D905 /* Pods-Next.release.xcconfig */;
			buildSettings = {
				ASSETCATALOG_COMPILER_APPICON_NAME = AppIcon;
				CODE_SIGN_STYLE = Automatic;
				DEVELOPMENT_TEAM = ELTTE7K8TT;
				INFOPLIST_FILE = Next/Info.plist;
				LD_RUNPATH_SEARCH_PATHS = "$(inherited) @executable_path/Frameworks";
				PRODUCT_BUNDLE_IDENTIFIER = com.grsouza.Next;
				PRODUCT_NAME = "$(TARGET_NAME)";
				SWIFT_VERSION = 4.0;
				TARGETED_DEVICE_FAMILY = "1,2";
			};
			name = Release;
		};
		1811CEF41FD5A5BC001FF879 /* Debug */ = {
			isa = XCBuildConfiguration;
			baseConfigurationReference = 35DD24719F8810A3631059F7 /* Pods-NextTests.debug.xcconfig */;
			buildSettings = {
				ALWAYS_EMBED_SWIFT_STANDARD_LIBRARIES = YES;
				BUNDLE_LOADER = "$(TEST_HOST)";
				CODE_SIGN_STYLE = Automatic;
				DEVELOPMENT_TEAM = ELTTE7K8TT;
				INFOPLIST_FILE = NextTests/Info.plist;
				LD_RUNPATH_SEARCH_PATHS = "$(inherited) @executable_path/Frameworks @loader_path/Frameworks";
				PRODUCT_BUNDLE_IDENTIFIER = com.grsouza.NextTests;
				PRODUCT_NAME = "$(TARGET_NAME)";
				SWIFT_VERSION = 4.0;
				TARGETED_DEVICE_FAMILY = "1,2";
				TEST_HOST = "$(BUILT_PRODUCTS_DIR)/Next.app/Next";
			};
			name = Debug;
		};
		1811CEF51FD5A5BC001FF879 /* Release */ = {
			isa = XCBuildConfiguration;
			baseConfigurationReference = D020E32426CD3E949B593C95 /* Pods-NextTests.release.xcconfig */;
			buildSettings = {
				ALWAYS_EMBED_SWIFT_STANDARD_LIBRARIES = YES;
				BUNDLE_LOADER = "$(TEST_HOST)";
				CODE_SIGN_STYLE = Automatic;
				DEVELOPMENT_TEAM = ELTTE7K8TT;
				INFOPLIST_FILE = NextTests/Info.plist;
				LD_RUNPATH_SEARCH_PATHS = "$(inherited) @executable_path/Frameworks @loader_path/Frameworks";
				PRODUCT_BUNDLE_IDENTIFIER = com.grsouza.NextTests;
				PRODUCT_NAME = "$(TARGET_NAME)";
				SWIFT_VERSION = 4.0;
				TARGETED_DEVICE_FAMILY = "1,2";
				TEST_HOST = "$(BUILT_PRODUCTS_DIR)/Next.app/Next";
			};
			name = Release;
		};
/* End XCBuildConfiguration section */

/* Begin XCConfigurationList section */
		1811CECE1FD5A5BB001FF879 /* Build configuration list for PBXProject "Next" */ = {
			isa = XCConfigurationList;
			buildConfigurations = (
				1811CEEE1FD5A5BC001FF879 /* Debug */,
				1811CEEF1FD5A5BC001FF879 /* Release */,
			);
			defaultConfigurationIsVisible = 0;
			defaultConfigurationName = Release;
		};
		1811CEF01FD5A5BC001FF879 /* Build configuration list for PBXNativeTarget "Next" */ = {
			isa = XCConfigurationList;
			buildConfigurations = (
				1811CEF11FD5A5BC001FF879 /* Debug */,
				1811CEF21FD5A5BC001FF879 /* Release */,
			);
			defaultConfigurationIsVisible = 0;
			defaultConfigurationName = Release;
		};
		1811CEF31FD5A5BC001FF879 /* Build configuration list for PBXNativeTarget "NextTests" */ = {
			isa = XCConfigurationList;
			buildConfigurations = (
				1811CEF41FD5A5BC001FF879 /* Debug */,
				1811CEF51FD5A5BC001FF879 /* Release */,
			);
			defaultConfigurationIsVisible = 0;
			defaultConfigurationName = Release;
		};
/* End XCConfigurationList section */
	};
	rootObject = 1811CECB1FD5A5BB001FF879 /* Project object */;
}
